
Microsoft Visual Studio Solution File, Format Version 12.00
# Visual Studio Version 16
VisualStudioVersion = 16.0.30611.23
MinimumVisualStudioVersion = 10.0.40219.1
Project("{9A19103F-16F7-4668-BE54-9A1E7A4F7556}") = "app-home-api", "app-home-api.csproj", "{42322178-CE12-4235-9BB1-87F670A85F02}"
EndProject
Global
	GlobalSection(SolutionConfigurationPlatforms) = preSolution
		Debug|Any CPU = Debug|Any CPU
		Release|Any CPU = Release|Any CPU
	EndGlobalSection
	GlobalSection(ProjectConfigurationPlatforms) = postSolution
		{42322178-CE12-4235-9BB1-87F670A85F02}.Debug|Any CPU.ActiveCfg = Debug|Any CPU
		{42322178-CE12-4235-9BB1-87F670A85F02}.Debug|Any CPU.Build.0 = Debug|Any CPU
		{42322178-CE12-4235-9BB1-87F670A85F02}.Release|Any CPU.ActiveCfg = Release|Any CPU
		{42322178-CE12-4235-9BB1-87F670A85F02}.Release|Any CPU.Build.0 = Release|Any CPU
	EndGlobalSection
	GlobalSection(SolutionProperties) = preSolution
		HideSolutionNode = FALSE
	EndGlobalSection
	GlobalSection(ExtensibilityGlobals) = postSolution
		SolutionGuid = {2A74971B-AE92-4D46-8BF7-7002FBDEAC2E}
	EndGlobalSection
EndGlobal
